// !$*UTF8*$!
{
	archiveVersion = 1;
	classes = {
	};
	objectVersion = 46;
	objects = {

/* Begin PBXBuildFile section */
		D5B3190C1DC69AC400A2C1BE /* main.cpp in Sources */ = {isa = PBXBuildFile; fileRef = D5B3190B1DC69AC400A2C1BE /* main.cpp */; };
		D5B319191DC69ADE00A2C1BE /* main.cpp in Sources */ = {isa = PBXBuildFile; fileRef = D5B319181DC69ADE00A2C1BE /* main.cpp */; };
		D5B319241DC69AFF00A2C1BE /* main.cpp in Sources */ = {isa = PBXBuildFile; fileRef = D5B319231DC69AFF00A2C1BE /* main.cpp */; };
		D5B3192F1DC6A0C500A2C1BE /* main.cpp in Sources */ = {isa = PBXBuildFile; fileRef = D5B3192E1DC6A0C500A2C1BE /* main.cpp */; };
		D5B3193A1DC6A6C300A2C1BE /* main.cpp in Sources */ = {isa = PBXBuildFile; fileRef = D5B319391DC6A6C300A2C1BE /* main.cpp */; };
		D5B319451DC6B05600A2C1BE /* main.cpp in Sources */ = {isa = PBXBuildFile; fileRef = D5B319441DC6B05600A2C1BE /* main.cpp */; };
		D5B319501DC6B57400A2C1BE /* main.cpp in Sources */ = {isa = PBXBuildFile; fileRef = D5B3194F1DC6B57400A2C1BE /* main.cpp */; };
/* End PBXBuildFile section */

/* Begin PBXCopyFilesBuildPhase section */
		D5B319061DC69AC400A2C1BE /* CopyFiles */ = {
			isa = PBXCopyFilesBuildPhase;
			buildActionMask = 2147483647;
			dstPath = /usr/share/man/man1/;
			dstSubfolderSpec = 0;
			files = (
			);
			runOnlyForDeploymentPostprocessing = 1;
		};
		D5B319141DC69ADE00A2C1BE /* CopyFiles */ = {
			isa = PBXCopyFilesBuildPhase;
			buildActionMask = 2147483647;
			dstPath = /usr/share/man/man1/;
			dstSubfolderSpec = 0;
			files = (
			);
			runOnlyForDeploymentPostprocessing = 1;
		};
		D5B3191F1DC69AFF00A2C1BE /* CopyFiles */ = {
			isa = PBXCopyFilesBuildPhase;
			buildActionMask = 2147483647;
			dstPath = /usr/share/man/man1/;
			dstSubfolderSpec = 0;
			files = (
			);
			runOnlyForDeploymentPostprocessing = 1;
		};
		D5B3192A1DC6A0C500A2C1BE /* CopyFiles */ = {
			isa = PBXCopyFilesBuildPhase;
			buildActionMask = 2147483647;
			dstPath = /usr/share/man/man1/;
			dstSubfolderSpec = 0;
			files = (
			);
			runOnlyForDeploymentPostprocessing = 1;
		};
		D5B319351DC6A6C300A2C1BE /* CopyFiles */ = {
			isa = PBXCopyFilesBuildPhase;
			buildActionMask = 2147483647;
			dstPath = /usr/share/man/man1/;
			dstSubfolderSpec = 0;
			files = (
			);
			runOnlyForDeploymentPostprocessing = 1;
		};
		D5B319401DC6B05600A2C1BE /* CopyFiles */ = {
			isa = PBXCopyFilesBuildPhase;
			buildActionMask = 2147483647;
			dstPath = /usr/share/man/man1/;
			dstSubfolderSpec = 0;
			files = (
			);
			runOnlyForDeploymentPostprocessing = 1;
		};
		D5B3194B1DC6B57400A2C1BE /* CopyFiles */ = {
			isa = PBXCopyFilesBuildPhase;
			buildActionMask = 2147483647;
			dstPath = /usr/share/man/man1/;
			dstSubfolderSpec = 0;
			files = (
			);
			runOnlyForDeploymentPostprocessing = 1;
		};
/* End PBXCopyFilesBuildPhase section */

/* Begin PBXFileReference section */
		D5B319081DC69AC400A2C1BE /* HW10 */ = {isa = PBXFileReference; explicitFileType = "compiled.mach-o.executable"; includeInIndex = 0; path = HW10; sourceTree = BUILT_PRODUCTS_DIR; };
		D5B3190B1DC69AC400A2C1BE /* main.cpp */ = {isa = PBXFileReference; lastKnownFileType = sourcecode.cpp.cpp; path = main.cpp; sourceTree = "<group>"; };
		D5B319161DC69ADE00A2C1BE /* HW10-1 */ = {isa = PBXFileReference; explicitFileType = "compiled.mach-o.executable"; includeInIndex = 0; path = "HW10-1"; sourceTree = BUILT_PRODUCTS_DIR; };
		D5B319181DC69ADE00A2C1BE /* main.cpp */ = {isa = PBXFileReference; lastKnownFileType = sourcecode.cpp.cpp; path = main.cpp; sourceTree = "<group>"; };
		D5B319211DC69AFF00A2C1BE /* HW10-2 */ = {isa = PBXFileReference; explicitFileType = "compiled.mach-o.executable"; includeInIndex = 0; path = "HW10-2"; sourceTree = BUILT_PRODUCTS_DIR; };
		D5B319231DC69AFF00A2C1BE /* main.cpp */ = {isa = PBXFileReference; lastKnownFileType = sourcecode.cpp.cpp; path = main.cpp; sourceTree = "<group>"; };
		D5B3192C1DC6A0C500A2C1BE /* HW10-3 */ = {isa = PBXFileReference; explicitFileType = "compiled.mach-o.executable"; includeInIndex = 0; path = "HW10-3"; sourceTree = BUILT_PRODUCTS_DIR; };
		D5B3192E1DC6A0C500A2C1BE /* main.cpp */ = {isa = PBXFileReference; lastKnownFileType = sourcecode.cpp.cpp; path = main.cpp; sourceTree = "<group>"; };
		D5B319371DC6A6C300A2C1BE /* HW10-4 */ = {isa = PBXFileReference; explicitFileType = "compiled.mach-o.executable"; includeInIndex = 0; path = "HW10-4"; sourceTree = BUILT_PRODUCTS_DIR; };
		D5B319391DC6A6C300A2C1BE /* main.cpp */ = {isa = PBXFileReference; lastKnownFileType = sourcecode.cpp.cpp; path = main.cpp; sourceTree = "<group>"; };
		D5B319421DC6B05600A2C1BE /* HW10-5 */ = {isa = PBXFileReference; explicitFileType = "compiled.mach-o.executable"; includeInIndex = 0; path = "HW10-5"; sourceTree = BUILT_PRODUCTS_DIR; };
		D5B319441DC6B05600A2C1BE /* main.cpp */ = {isa = PBXFileReference; lastKnownFileType = sourcecode.cpp.cpp; path = main.cpp; sourceTree = "<group>"; };
		D5B3194D1DC6B57400A2C1BE /* HW10-6 */ = {isa = PBXFileReference; explicitFileType = "compiled.mach-o.executable"; includeInIndex = 0; path = "HW10-6"; sourceTree = BUILT_PRODUCTS_DIR; };
		D5B3194F1DC6B57400A2C1BE /* main.cpp */ = {isa = PBXFileReference; lastKnownFileType = sourcecode.cpp.cpp; path = main.cpp; sourceTree = "<group>"; };
		D5B319541DC6B5AE00A2C1BE /* list.h */ = {isa = PBXFileReference; lastKnownFileType = sourcecode.c.h; path = list.h; sourceTree = "<group>"; };
/* End PBXFileReference section */

/* Begin PBXFrameworksBuildPhase section */
		D5B319051DC69AC400A2C1BE /* Frameworks */ = {
			isa = PBXFrameworksBuildPhase;
			buildActionMask = 2147483647;
			files = (
			);
			runOnlyForDeploymentPostprocessing = 0;
		};
		D5B319131DC69ADE00A2C1BE /* Frameworks */ = {
			isa = PBXFrameworksBuildPhase;
			buildActionMask = 2147483647;
			files = (
			);
			runOnlyForDeploymentPostprocessing = 0;
		};
		D5B3191E1DC69AFF00A2C1BE /* Frameworks */ = {
			isa = PBXFrameworksBuildPhase;
			buildActionMask = 2147483647;
			files = (
			);
			runOnlyForDeploymentPostprocessing = 0;
		};
		D5B319291DC6A0C500A2C1BE /* Frameworks */ = {
			isa = PBXFrameworksBuildPhase;
			buildActionMask = 2147483647;
			files = (
			);
			runOnlyForDeploymentPostprocessing = 0;
		};
		D5B319341DC6A6C300A2C1BE /* Frameworks */ = {
			isa = PBXFrameworksBuildPhase;
			buildActionMask = 2147483647;
			files = (
			);
			runOnlyForDeploymentPostprocessing = 0;
		};
		D5B3193F1DC6B05600A2C1BE /* Frameworks */ = {
			isa = PBXFrameworksBuildPhase;
			buildActionMask = 2147483647;
			files = (
			);
			runOnlyForDeploymentPostprocessing = 0;
		};
		D5B3194A1DC6B57400A2C1BE /* Frameworks */ = {
			isa = PBXFrameworksBuildPhase;
			buildActionMask = 2147483647;
			files = (
			);
			runOnlyForDeploymentPostprocessing = 0;
		};
/* End PBXFrameworksBuildPhase section */

/* Begin PBXGroup section */
		D5B318FF1DC69AC400A2C1BE = {
			isa = PBXGroup;
			children = (
				D5B3190A1DC69AC400A2C1BE /* HW10 */,
				D5B319171DC69ADE00A2C1BE /* HW10-1 */,
				D5B319221DC69AFF00A2C1BE /* HW10-2 */,
				D5B3192D1DC6A0C500A2C1BE /* HW10-3 */,
				D5B319381DC6A6C300A2C1BE /* HW10-4 */,
				D5B319431DC6B05600A2C1BE /* HW10-5 */,
				D5B3194E1DC6B57400A2C1BE /* HW10-6 */,
				D5B319091DC69AC400A2C1BE /* Products */,
			);
			sourceTree = "<group>";
		};
		D5B319091DC69AC400A2C1BE /* Products */ = {
			isa = PBXGroup;
			children = (
				D5B319081DC69AC400A2C1BE /* HW10 */,
				D5B319161DC69ADE00A2C1BE /* HW10-1 */,
				D5B319211DC69AFF00A2C1BE /* HW10-2 */,
				D5B3192C1DC6A0C500A2C1BE /* HW10-3 */,
				D5B319371DC6A6C300A2C1BE /* HW10-4 */,
				D5B319421DC6B05600A2C1BE /* HW10-5 */,
				D5B3194D1DC6B57400A2C1BE /* HW10-6 */,
			);
			name = Products;
			sourceTree = "<group>";
		};
		D5B3190A1DC69AC400A2C1BE /* HW10 */ = {
			isa = PBXGroup;
			children = (
				D5B3190B1DC69AC400A2C1BE /* main.cpp */,
			);
			path = HW10;
			sourceTree = "<group>";
		};
		D5B319171DC69ADE00A2C1BE /* HW10-1 */ = {
			isa = PBXGroup;
			children = (
				D5B319181DC69ADE00A2C1BE /* main.cpp */,
			);
			path = "HW10-1";
			sourceTree = "<group>";
		};
		D5B319221DC69AFF00A2C1BE /* HW10-2 */ = {
			isa = PBXGroup;
			children = (
				D5B319231DC69AFF00A2C1BE /* main.cpp */,
			);
			path = "HW10-2";
			sourceTree = "<group>";
		};
		D5B3192D1DC6A0C500A2C1BE /* HW10-3 */ = {
			isa = PBXGroup;
			children = (
				D5B3192E1DC6A0C500A2C1BE /* main.cpp */,
			);
			path = "HW10-3";
			sourceTree = "<group>";
		};
		D5B319381DC6A6C300A2C1BE /* HW10-4 */ = {
			isa = PBXGroup;
			children = (
				D5B319391DC6A6C300A2C1BE /* main.cpp */,
			);
			path = "HW10-4";
			sourceTree = "<group>";
		};
		D5B319431DC6B05600A2C1BE /* HW10-5 */ = {
			isa = PBXGroup;
			children = (
				D5B319441DC6B05600A2C1BE /* main.cpp */,
			);
			path = "HW10-5";
			sourceTree = "<group>";
		};
		D5B3194E1DC6B57400A2C1BE /* HW10-6 */ = {
			isa = PBXGroup;
			children = (
				D5B3194F1DC6B57400A2C1BE /* main.cpp */,
				D5B319541DC6B5AE00A2C1BE /* list.h */,
			);
			path = "HW10-6";
			sourceTree = "<group>";
		};
/* End PBXGroup section */

/* Begin PBXNativeTarget section */
		D5B319071DC69AC400A2C1BE /* HW10 */ = {
			isa = PBXNativeTarget;
			buildConfigurationList = D5B3190F1DC69AC400A2C1BE /* Build configuration list for PBXNativeTarget "HW10" */;
			buildPhases = (
				D5B319041DC69AC400A2C1BE /* Sources */,
				D5B319051DC69AC400A2C1BE /* Frameworks */,
				D5B319061DC69AC400A2C1BE /* CopyFiles */,
			);
			buildRules = (
			);
			dependencies = (
			);
			name = HW10;
			productName = HW10;
			productReference = D5B319081DC69AC400A2C1BE /* HW10 */;
			productType = "com.apple.product-type.tool";
		};
		D5B319151DC69ADE00A2C1BE /* HW10-1 */ = {
			isa = PBXNativeTarget;
			buildConfigurationList = D5B3191A1DC69ADE00A2C1BE /* Build configuration list for PBXNativeTarget "HW10-1" */;
			buildPhases = (
				D5B319121DC69ADE00A2C1BE /* Sources */,
				D5B319131DC69ADE00A2C1BE /* Frameworks */,
				D5B319141DC69ADE00A2C1BE /* CopyFiles */,
			);
			buildRules = (
			);
			dependencies = (
			);
			name = "HW10-1";
			productName = "HW10-1";
			productReference = D5B319161DC69ADE00A2C1BE /* HW10-1 */;
			productType = "com.apple.product-type.tool";
		};
		D5B319201DC69AFF00A2C1BE /* HW10-2 */ = {
			isa = PBXNativeTarget;
			buildConfigurationList = D5B319251DC69AFF00A2C1BE /* Build configuration list for PBXNativeTarget "HW10-2" */;
			buildPhases = (
				D5B3191D1DC69AFF00A2C1BE /* Sources */,
				D5B3191E1DC69AFF00A2C1BE /* Frameworks */,
				D5B3191F1DC69AFF00A2C1BE /* CopyFiles */,
			);
			buildRules = (
			);
			dependencies = (
			);
			name = "HW10-2";
			productName = "HW10-2";
			productReference = D5B319211DC69AFF00A2C1BE /* HW10-2 */;
			productType = "com.apple.product-type.tool";
		};
		D5B3192B1DC6A0C500A2C1BE /* HW10-3 */ = {
			isa = PBXNativeTarget;
			buildConfigurationList = D5B319301DC6A0C500A2C1BE /* Build configuration list for PBXNativeTarget "HW10-3" */;
			buildPhases = (
				D5B319281DC6A0C500A2C1BE /* Sources */,
				D5B319291DC6A0C500A2C1BE /* Frameworks */,
				D5B3192A1DC6A0C500A2C1BE /* CopyFiles */,
			);
			buildRules = (
			);
			dependencies = (
			);
			name = "HW10-3";
			productName = "HW10-3";
			productReference = D5B3192C1DC6A0C500A2C1BE /* HW10-3 */;
			productType = "com.apple.product-type.tool";
		};
		D5B319361DC6A6C300A2C1BE /* HW10-4 */ = {
			isa = PBXNativeTarget;
			buildConfigurationList = D5B3193B1DC6A6C300A2C1BE /* Build configuration list for PBXNativeTarget "HW10-4" */;
			buildPhases = (
				D5B319331DC6A6C300A2C1BE /* Sources */,
				D5B319341DC6A6C300A2C1BE /* Frameworks */,
				D5B319351DC6A6C300A2C1BE /* CopyFiles */,
			);
			buildRules = (
			);
			dependencies = (
			);
			name = "HW10-4";
			productName = "HW10-4";
			productReference = D5B319371DC6A6C300A2C1BE /* HW10-4 */;
			productType = "com.apple.product-type.tool";
		};
		D5B319411DC6B05600A2C1BE /* HW10-5 */ = {
			isa = PBXNativeTarget;
			buildConfigurationList = D5B319461DC6B05600A2C1BE /* Build configuration list for PBXNativeTarget "HW10-5" */;
			buildPhases = (
				D5B3193E1DC6B05600A2C1BE /* Sources */,
				D5B3193F1DC6B05600A2C1BE /* Frameworks */,
				D5B319401DC6B05600A2C1BE /* CopyFiles */,
			);
			buildRules = (
			);
			dependencies = (
			);
			name = "HW10-5";
			productName = "HW10-5";
			productReference = D5B319421DC6B05600A2C1BE /* HW10-5 */;
			productType = "com.apple.product-type.tool";
		};
		D5B3194C1DC6B57400A2C1BE /* HW10-6 */ = {
			isa = PBXNativeTarget;
			buildConfigurationList = D5B319511DC6B57400A2C1BE /* Build configuration list for PBXNativeTarget "HW10-6" */;
			buildPhases = (
				D5B319491DC6B57400A2C1BE /* Sources */,
				D5B3194A1DC6B57400A2C1BE /* Frameworks */,
				D5B3194B1DC6B57400A2C1BE /* CopyFiles */,
			);
			buildRules = (
			);
			dependencies = (
			);
			name = "HW10-6";
			productName = "HW10-6";
			productReference = D5B3194D1DC6B57400A2C1BE /* HW10-6 */;
			productType = "com.apple.product-type.tool";
		};
/* End PBXNativeTarget section */

/* Begin PBXProject section */
		D5B319001DC69AC400A2C1BE /* Project object */ = {
			isa = PBXProject;
			attributes = {
				LastUpgradeCheck = 0810;
				ORGANIZATIONNAME = kanghuawu;
				TargetAttributes = {
					D5B319071DC69AC400A2C1BE = {
						CreatedOnToolsVersion = 8.1;
						ProvisioningStyle = Automatic;
					};
					D5B319151DC69ADE00A2C1BE = {
						CreatedOnToolsVersion = 8.1;
						ProvisioningStyle = Automatic;
					};
					D5B319201DC69AFF00A2C1BE = {
						CreatedOnToolsVersion = 8.1;
						ProvisioningStyle = Automatic;
					};
					D5B3192B1DC6A0C500A2C1BE = {
						CreatedOnToolsVersion = 8.1;
						ProvisioningStyle = Automatic;
					};
					D5B319361DC6A6C300A2C1BE = {
						CreatedOnToolsVersion = 8.1;
						ProvisioningStyle = Automatic;
					};
					D5B319411DC6B05600A2C1BE = {
						CreatedOnToolsVersion = 8.1;
						ProvisioningStyle = Automatic;
					};
					D5B3194C1DC6B57400A2C1BE = {
						CreatedOnToolsVersion = 8.1;
						ProvisioningStyle = Automatic;
					};
				};
			};
			buildConfigurationList = D5B319031DC69AC400A2C1BE /* Build configuration list for PBXProject "HW10" */;
			compatibilityVersion = "Xcode 3.2";
			developmentRegion = English;
			hasScannedForEncodings = 0;
			knownRegions = (
				en,
			);
			mainGroup = D5B318FF1DC69AC400A2C1BE;
			productRefGroup = D5B319091DC69AC400A2C1BE /* Products */;
			projectDirPath = "";
			projectRoot = "";
			targets = (
				D5B319071DC69AC400A2C1BE /* HW10 */,
				D5B319151DC69ADE00A2C1BE /* HW10-1 */,
				D5B319201DC69AFF00A2C1BE /* HW10-2 */,
				D5B3192B1DC6A0C500A2C1BE /* HW10-3 */,
				D5B319361DC6A6C300A2C1BE /* HW10-4 */,
				D5B319411DC6B05600A2C1BE /* HW10-5 */,
				D5B3194C1DC6B57400A2C1BE /* HW10-6 */,
			);
		};
/* End PBXProject section */

/* Begin PBXSourcesBuildPhase section */
		D5B319041DC69AC400A2C1BE /* Sources */ = {
			isa = PBXSourcesBuildPhase;
			buildActionMask = 2147483647;
			files = (
				D5B3190C1DC69AC400A2C1BE /* main.cpp in Sources */,
			);
			runOnlyForDeploymentPostprocessing = 0;
		};
		D5B319121DC69ADE00A2C1BE /* Sources */ = {
			isa = PBXSourcesBuildPhase;
			buildActionMask = 2147483647;
			files = (
				D5B319191DC69ADE00A2C1BE /* main.cpp in Sources */,
			);
			runOnlyForDeploymentPostprocessing = 0;
		};
		D5B3191D1DC69AFF00A2C1BE /* Sources */ = {
			isa = PBXSourcesBuildPhase;
			buildActionMask = 2147483647;
			files = (
				D5B319241DC69AFF00A2C1BE /* main.cpp in Sources */,
			);
			runOnlyForDeploymentPostprocessing = 0;
		};
		D5B319281DC6A0C500A2C1BE /* Sources */ = {
			isa = PBXSourcesBuildPhase;
			buildActionMask = 2147483647;
			files = (
				D5B3192F1DC6A0C500A2C1BE /* main.cpp in Sources */,
			);
			runOnlyForDeploymentPostprocessing = 0;
		};
		D5B319331DC6A6C300A2C1BE /* Sources */ = {
			isa = PBXSourcesBuildPhase;
			buildActionMask = 2147483647;
			files = (
				D5B3193A1DC6A6C300A2C1BE /* main.cpp in Sources */,
			);
			runOnlyForDeploymentPostprocessing = 0;
		};
		D5B3193E1DC6B05600A2C1BE /* Sources */ = {
			isa = PBXSourcesBuildPhase;
			buildActionMask = 2147483647;
			files = (
				D5B319451DC6B05600A2C1BE /* main.cpp in Sources */,
			);
			runOnlyForDeploymentPostprocessing = 0;
		};
		D5B319491DC6B57400A2C1BE /* Sources */ = {
			isa = PBXSourcesBuildPhase;
			buildActionMask = 2147483647;
			files = (
				D5B319501DC6B57400A2C1BE /* main.cpp in Sources */,
			);
			runOnlyForDeploymentPostprocessing = 0;
		};
/* End PBXSourcesBuildPhase section */

/* Begin XCBuildConfiguration section */
		D5B3190D1DC69AC400A2C1BE /* Debug */ = {
			isa = XCBuildConfiguration;
			buildSettings = {
				ALWAYS_SEARCH_USER_PATHS = NO;
				CLANG_ANALYZER_NONNULL = YES;
				CLANG_CXX_LANGUAGE_STANDARD = "gnu++0x";
				CLANG_CXX_LIBRARY = "libc++";
				CLANG_ENABLE_MODULES = YES;
				CLANG_ENABLE_OBJC_ARC = YES;
				CLANG_WARN_BOOL_CONVERSION = YES;
				CLANG_WARN_CONSTANT_CONVERSION = YES;
				CLANG_WARN_DIRECT_OBJC_ISA_USAGE = YES_ERROR;
				CLANG_WARN_DOCUMENTATION_COMMENTS = YES;
				CLANG_WARN_EMPTY_BODY = YES;
				CLANG_WARN_ENUM_CONVERSION = YES;
				CLANG_WARN_INFINITE_RECURSION = YES;
				CLANG_WARN_INT_CONVERSION = YES;
				CLANG_WARN_OBJC_ROOT_CLASS = YES_ERROR;
				CLANG_WARN_SUSPICIOUS_MOVES = YES;
				CLANG_WARN_UNREACHABLE_CODE = YES;
				CLANG_WARN__DUPLICATE_METHOD_MATCH = YES;
				CODE_SIGN_IDENTITY = "-";
				COPY_PHASE_STRIP = NO;
				DEBUG_INFORMATION_FORMAT = dwarf;
				ENABLE_STRICT_OBJC_MSGSEND = YES;
				ENABLE_TESTABILITY = YES;
				GCC_C_LANGUAGE_STANDARD = gnu99;
				GCC_DYNAMIC_NO_PIC = NO;
				GCC_NO_COMMON_BLOCKS = YES;
				GCC_OPTIMIZATION_LEVEL = 0;
				GCC_PREPROCESSOR_DEFINITIONS = (
					"DEBUG=1",
					"$(inherited)",
				);
				GCC_WARN_64_TO_32_BIT_CONVERSION = YES;
				GCC_WARN_ABOUT_RETURN_TYPE = YES_ERROR;
				GCC_WARN_UNDECLARED_SELECTOR = YES;
				GCC_WARN_UNINITIALIZED_AUTOS = YES_AGGRESSIVE;
				GCC_WARN_UNUSED_FUNCTION = YES;
				GCC_WARN_UNUSED_VARIABLE = YES;
				MACOSX_DEPLOYMENT_TARGET = 10.12;
				MTL_ENABLE_DEBUG_INFO = YES;
				ONLY_ACTIVE_ARCH = YES;
				SDKROOT = macosx;
			};
			name = Debug;
		};
		D5B3190E1DC69AC400A2C1BE /* Release */ = {
			isa = XCBuildConfiguration;
			buildSettings = {
				ALWAYS_SEARCH_USER_PATHS = NO;
				CLANG_ANALYZER_NONNULL = YES;
				CLANG_CXX_LANGUAGE_STANDARD = "gnu++0x";
				CLANG_CXX_LIBRARY = "libc++";
				CLANG_ENABLE_MODULES = YES;
				CLANG_ENABLE_OBJC_ARC = YES;
				CLANG_WARN_BOOL_CONVERSION = YES;
				CLANG_WARN_CONSTANT_CONVERSION = YES;
				CLANG_WARN_DIRECT_OBJC_ISA_USAGE = YES_ERROR;
				CLANG_WARN_DOCUMENTATION_COMMENTS = YES;
				CLANG_WARN_EMPTY_BODY = YES;
				CLANG_WARN_ENUM_CONVERSION = YES;
				CLANG_WARN_INFINITE_RECURSION = YES;
				CLANG_WARN_INT_CONVERSION = YES;
				CLANG_WARN_OBJC_ROOT_CLASS = YES_ERROR;
				CLANG_WARN_SUSPICIOUS_MOVES = YES;
				CLANG_WARN_UNREACHABLE_CODE = YES;
				CLANG_WARN__DUPLICATE_METHOD_MATCH = YES;
				CODE_SIGN_IDENTITY = "-";
				COPY_PHASE_STRIP = NO;
				DEBUG_INFORMATION_FORMAT = "dwarf-with-dsym";
				ENABLE_NS_ASSERTIONS = NO;
				ENABLE_STRICT_OBJC_MSGSEND = YES;
				GCC_C_LANGUAGE_STANDARD = gnu99;
				GCC_NO_COMMON_BLOCKS = YES;
				GCC_WARN_64_TO_32_BIT_CONVERSION = YES;
				GCC_WARN_ABOUT_RETURN_TYPE = YES_ERROR;
				GCC_WARN_UNDECLARED_SELECTOR = YES;
				GCC_WARN_UNINITIALIZED_AUTOS = YES_AGGRESSIVE;
				GCC_WARN_UNUSED_FUNCTION = YES;
				GCC_WARN_UNUSED_VARIABLE = YES;
				MACOSX_DEPLOYMENT_TARGET = 10.12;
				MTL_ENABLE_DEBUG_INFO = NO;
				SDKROOT = macosx;
			};
			name = Release;
		};
		D5B319101DC69AC400A2C1BE /* Debug */ = {
			isa = XCBuildConfiguration;
			buildSettings = {
				PRODUCT_NAME = "$(TARGET_NAME)";
			};
			name = Debug;
		};
		D5B319111DC69AC400A2C1BE /* Release */ = {
			isa = XCBuildConfiguration;
			buildSettings = {
				PRODUCT_NAME = "$(TARGET_NAME)";
			};
			name = Release;
		};
		D5B3191B1DC69ADE00A2C1BE /* Debug */ = {
			isa = XCBuildConfiguration;
			buildSettings = {
				PRODUCT_NAME = "$(TARGET_NAME)";
			};
			name = Debug;
		};
		D5B3191C1DC69ADE00A2C1BE /* Release */ = {
			isa = XCBuildConfiguration;
			buildSettings = {
				PRODUCT_NAME = "$(TARGET_NAME)";
			};
			name = Release;
		};
		D5B319261DC69AFF00A2C1BE /* Debug */ = {
			isa = XCBuildConfiguration;
			buildSettings = {
				PRODUCT_NAME = "$(TARGET_NAME)";
			};
			name = Debug;
		};
		D5B319271DC69AFF00A2C1BE /* Release */ = {
			isa = XCBuildConfiguration;
			buildSettings = {
				PRODUCT_NAME = "$(TARGET_NAME)";
			};
			name = Release;
		};
		D5B319311DC6A0C500A2C1BE /* Debug */ = {
			isa = XCBuildConfiguration;
			buildSettings = {
				PRODUCT_NAME = "$(TARGET_NAME)";
			};
			name = Debug;
		};
		D5B319321DC6A0C500A2C1BE /* Release */ = {
			isa = XCBuildConfiguration;
			buildSettings = {
				PRODUCT_NAME = "$(TARGET_NAME)";
			};
			name = Release;
		};
		D5B3193C1DC6A6C300A2C1BE /* Debug */ = {
			isa = XCBuildConfiguration;
			buildSettings = {
				PRODUCT_NAME = "$(TARGET_NAME)";
			};
			name = Debug;
		};
		D5B3193D1DC6A6C300A2C1BE /* Release */ = {
			isa = XCBuildConfiguration;
			buildSettings = {
				PRODUCT_NAME = "$(TARGET_NAME)";
			};
			name = Release;
		};
		D5B319471DC6B05600A2C1BE /* Debug */ = {
			isa = XCBuildConfiguration;
			buildSettings = {
				PRODUCT_NAME = "$(TARGET_NAME)";
			};
			name = Debug;
		};
		D5B319481DC6B05600A2C1BE /* Release */ = {
			isa = XCBuildConfiguration;
			buildSettings = {
				PRODUCT_NAME = "$(TARGET_NAME)";
			};
			name = Release;
		};
		D5B319521DC6B57400A2C1BE /* Debug */ = {
			isa = XCBuildConfiguration;
			buildSettings = {
				PRODUCT_NAME = "$(TARGET_NAME)";
			};
			name = Debug;
		};
		D5B319531DC6B57400A2C1BE /* Release */ = {
			isa = XCBuildConfiguration;
			buildSettings = {
				PRODUCT_NAME = "$(TARGET_NAME)";
			};
			name = Release;
		};
/* End XCBuildConfiguration section */

/* Begin XCConfigurationList section */
		D5B319031DC69AC400A2C1BE /* Build configuration list for PBXProject "HW10" */ = {
			isa = XCConfigurationList;
			buildConfigurations = (
				D5B3190D1DC69AC400A2C1BE /* Debug */,
				D5B3190E1DC69AC400A2C1BE /* Release */,
			);
			defaultConfigurationIsVisible = 0;
			defaultConfigurationName = Release;
		};
		D5B3190F1DC69AC400A2C1BE /* Build configuration list for PBXNativeTarget "HW10" */ = {
			isa = XCConfigurationList;
			buildConfigurations = (
				D5B319101DC69AC400A2C1BE /* Debug */,
				D5B319111DC69AC400A2C1BE /* Release */,
			);
			defaultConfigurationIsVisible = 0;
		};
		D5B3191A1DC69ADE00A2C1BE /* Build configuration list for PBXNativeTarget "HW10-1" */ = {
			isa = XCConfigurationList;
			buildConfigurations = (
				D5B3191B1DC69ADE00A2C1BE /* Debug */,
				D5B3191C1DC69ADE00A2C1BE /* Release */,
			);
			defaultConfigurationIsVisible = 0;
		};
		D5B319251DC69AFF00A2C1BE /* Build configuration list for PBXNativeTarget "HW10-2" */ = {
			isa = XCConfigurationList;
			buildConfigurations = (
				D5B319261DC69AFF00A2C1BE /* Debug */,
				D5B319271DC69AFF00A2C1BE /* Release */,
			);
			defaultConfigurationIsVisible = 0;
		};
		D5B319301DC6A0C500A2C1BE /* Build configuration list for PBXNativeTarget "HW10-3" */ = {
			isa = XCConfigurationList;
			buildConfigurations = (
				D5B319311DC6A0C500A2C1BE /* Debug */,
				D5B319321DC6A0C500A2C1BE /* Release */,
			);
			defaultConfigurationIsVisible = 0;
		};
		D5B3193B1DC6A6C300A2C1BE /* Build configuration list for PBXNativeTarget "HW10-4" */ = {
			isa = XCConfigurationList;
			buildConfigurations = (
				D5B3193C1DC6A6C300A2C1BE /* Debug */,
				D5B3193D1DC6A6C300A2C1BE /* Release */,
			);
			defaultConfigurationIsVisible = 0;
		};
		D5B319461DC6B05600A2C1BE /* Build configuration list for PBXNativeTarget "HW10-5" */ = {
			isa = XCConfigurationList;
			buildConfigurations = (
				D5B319471DC6B05600A2C1BE /* Debug */,
				D5B319481DC6B05600A2C1BE /* Release */,
			);
			defaultConfigurationIsVisible = 0;
		};
		D5B319511DC6B57400A2C1BE /* Build configuration list for PBXNativeTarget "HW10-6" */ = {
			isa = XCConfigurationList;
			buildConfigurations = (
				D5B319521DC6B57400A2C1BE /* Debug */,
				D5B319531DC6B57400A2C1BE /* Release */,
			);
			defaultConfigurationIsVisible = 0;
		};
/* End XCConfigurationList section */
	};
	rootObject = D5B319001DC69AC400A2C1BE /* Project object */;
}
