// !$*UTF8*$!
{
	archiveVersion = 1;
	classes = {
	};
	objectVersion = 46;
	objects = {

/* Begin PBXBuildFile section */
		D532387E1DC19E48003ABEA5 /* main.cpp in Sources */ = {isa = PBXBuildFile; fileRef = D532387D1DC19E48003ABEA5 /* main.cpp */; };
		D53238861DC19EC3003ABEA5 /* SortedList.cpp in Sources */ = {isa = PBXBuildFile; fileRef = D53238841DC19EC3003ABEA5 /* SortedList.cpp */; };
		D53238891DC19EEB003ABEA5 /* SortedVector.cpp in Sources */ = {isa = PBXBuildFile; fileRef = D53238871DC19EEB003ABEA5 /* SortedVector.cpp */; };
/* End PBXBuildFile section */

/* Begin PBXCopyFilesBuildPhase section */
		D53238781DC19E48003ABEA5 /* CopyFiles */ = {
			isa = PBXCopyFilesBuildPhase;
			buildActionMask = 2147483647;
			dstPath = /usr/share/man/man1/;
			dstSubfolderSpec = 0;
			files = (
			);
			runOnlyForDeploymentPostprocessing = 1;
		};
/* End PBXCopyFilesBuildPhase section */

/* Begin PBXFileReference section */
		D532387A1DC19E48003ABEA5 /* Assignment9B */ = {isa = PBXFileReference; explicitFileType = "compiled.mach-o.executable"; includeInIndex = 0; path = Assignment9B; sourceTree = BUILT_PRODUCTS_DIR; };
		D532387D1DC19E48003ABEA5 /* main.cpp */ = {isa = PBXFileReference; lastKnownFileType = sourcecode.cpp.cpp; path = main.cpp; sourceTree = "<group>"; };
		D53238841DC19EC3003ABEA5 /* SortedList.cpp */ = {isa = PBXFileReference; fileEncoding = 4; lastKnownFileType = sourcecode.cpp.cpp; path = SortedList.cpp; sourceTree = "<group>"; };
		D53238851DC19EC3003ABEA5 /* SortedList.h */ = {isa = PBXFileReference; fileEncoding = 4; lastKnownFileType = sourcecode.c.h; path = SortedList.h; sourceTree = "<group>"; };
		D53238871DC19EEB003ABEA5 /* SortedVector.cpp */ = {isa = PBXFileReference; fileEncoding = 4; lastKnownFileType = sourcecode.cpp.cpp; path = SortedVector.cpp; sourceTree = "<group>"; };
		D53238881DC19EEB003ABEA5 /* SortedVector.h */ = {isa = PBXFileReference; fileEncoding = 4; lastKnownFileType = sourcecode.c.h; path = SortedVector.h; sourceTree = "<group>"; };
/* End PBXFileReference section */

/* Begin PBXFrameworksBuildPhase section */
		D53238771DC19E48003ABEA5 /* Frameworks */ = {
			isa = PBXFrameworksBuildPhase;
			buildActionMask = 2147483647;
			files = (
			);
			runOnlyForDeploymentPostprocessing = 0;
		};
/* End PBXFrameworksBuildPhase section */

/* Begin PBXGroup section */
		D53238711DC19E47003ABEA5 = {
			isa = PBXGroup;
			children = (
				D532387C1DC19E48003ABEA5 /* Assignment9B */,
				D532387B1DC19E48003ABEA5 /* Products */,
			);
			sourceTree = "<group>";
		};
		D532387B1DC19E48003ABEA5 /* Products */ = {
			isa = PBXGroup;
			children = (
				D532387A1DC19E48003ABEA5 /* Assignment9B */,
			);
			name = Products;
			sourceTree = "<group>";
		};
		D532387C1DC19E48003ABEA5 /* Assignment9B */ = {
			isa = PBXGroup;
			children = (
				D532387D1DC19E48003ABEA5 /* main.cpp */,
				D53238841DC19EC3003ABEA5 /* SortedList.cpp */,
				D53238851DC19EC3003ABEA5 /* SortedList.h */,
				D53238871DC19EEB003ABEA5 /* SortedVector.cpp */,
				D53238881DC19EEB003ABEA5 /* SortedVector.h */,
			);
			path = Assignment9B;
			sourceTree = "<group>";
		};
/* End PBXGroup section */

/* Begin PBXNativeTarget section */
		D53238791DC19E48003ABEA5 /* Assignment9B */ = {
			isa = PBXNativeTarget;
			buildConfigurationList = D53238811DC19E48003ABEA5 /* Build configuration list for PBXNativeTarget "Assignment9B" */;
			buildPhases = (
				D53238761DC19E48003ABEA5 /* Sources */,
				D53238771DC19E48003ABEA5 /* Frameworks */,
				D53238781DC19E48003ABEA5 /* CopyFiles */,
			);
			buildRules = (
			);
			dependencies = (
			);
			name = Assignment9B;
			productName = Assignment9B;
			productReference = D532387A1DC19E48003ABEA5 /* Assignment9B */;
			productType = "com.apple.product-type.tool";
		};
/* End PBXNativeTarget section */

/* Begin PBXProject section */
		D53238721DC19E47003ABEA5 /* Project object */ = {
			isa = PBXProject;
			attributes = {
				LastUpgradeCheck = 0800;
				ORGANIZATIONNAME = kanghuawu;
				TargetAttributes = {
					D53238791DC19E48003ABEA5 = {
						CreatedOnToolsVersion = 8.0;
						ProvisioningStyle = Automatic;
					};
				};
			};
			buildConfigurationList = D53238751DC19E48003ABEA5 /* Build configuration list for PBXProject "Assignment9B" */;
			compatibilityVersion = "Xcode 3.2";
			developmentRegion = English;
			hasScannedForEncodings = 0;
			knownRegions = (
				en,
			);
			mainGroup = D53238711DC19E47003ABEA5;
			productRefGroup = D532387B1DC19E48003ABEA5 /* Products */;
			projectDirPath = "";
			projectRoot = "";
			targets = (
				D53238791DC19E48003ABEA5 /* Assignment9B */,
			);
		};
/* End PBXProject section */

/* Begin PBXSourcesBuildPhase section */
		D53238761DC19E48003ABEA5 /* Sources */ = {
			isa = PBXSourcesBuildPhase;
			buildActionMask = 2147483647;
			files = (
				D53238861DC19EC3003ABEA5 /* SortedList.cpp in Sources */,
				D532387E1DC19E48003ABEA5 /* main.cpp in Sources */,
				D53238891DC19EEB003ABEA5 /* SortedVector.cpp in Sources */,
			);
			runOnlyForDeploymentPostprocessing = 0;
		};
/* End PBXSourcesBuildPhase section */

/* Begin XCBuildConfiguration section */
		D532387F1DC19E48003ABEA5 /* Debug */ = {
			isa = XCBuildConfiguration;
			buildSettings = {
				ALWAYS_SEARCH_USER_PATHS = NO;
				CLANG_ANALYZER_NONNULL = YES;
				CLANG_CXX_LANGUAGE_STANDARD = "gnu++0x";
				CLANG_CXX_LIBRARY = "libc++";
				CLANG_ENABLE_MODULES = YES;
				CLANG_ENABLE_OBJC_ARC = YES;
				CLANG_WARN_BOOL_CONVERSION = YES;
				CLANG_WARN_CONSTANT_CONVERSION = YES;
				CLANG_WARN_DIRECT_OBJC_ISA_USAGE = YES_ERROR;
				CLANG_WARN_DOCUMENTATION_COMMENTS = YES;
				CLANG_WARN_EMPTY_BODY = YES;
				CLANG_WARN_ENUM_CONVERSION = YES;
				CLANG_WARN_INFINITE_RECURSION = YES;
				CLANG_WARN_INT_CONVERSION = YES;
				CLANG_WARN_OBJC_ROOT_CLASS = YES_ERROR;
				CLANG_WARN_SUSPICIOUS_MOVES = YES;
				CLANG_WARN_UNREACHABLE_CODE = YES;
				CLANG_WARN__DUPLICATE_METHOD_MATCH = YES;
				CODE_SIGN_IDENTITY = "-";
				COPY_PHASE_STRIP = NO;
				DEBUG_INFORMATION_FORMAT = dwarf;
				ENABLE_STRICT_OBJC_MSGSEND = YES;
				ENABLE_TESTABILITY = YES;
				GCC_C_LANGUAGE_STANDARD = gnu99;
				GCC_DYNAMIC_NO_PIC = NO;
				GCC_NO_COMMON_BLOCKS = YES;
				GCC_OPTIMIZATION_LEVEL = 0;
				GCC_PREPROCESSOR_DEFINITIONS = (
					"DEBUG=1",
					"$(inherited)",
				);
				GCC_WARN_64_TO_32_BIT_CONVERSION = YES;
				GCC_WARN_ABOUT_RETURN_TYPE = YES_ERROR;
				GCC_WARN_UNDECLARED_SELECTOR = YES;
				GCC_WARN_UNINITIALIZED_AUTOS = YES_AGGRESSIVE;
				GCC_WARN_UNUSED_FUNCTION = YES;
				GCC_WARN_UNUSED_VARIABLE = YES;
				MACOSX_DEPLOYMENT_TARGET = 10.12;
				MTL_ENABLE_DEBUG_INFO = YES;
				ONLY_ACTIVE_ARCH = YES;
				SDKROOT = macosx;
			};
			name = Debug;
		};
		D53238801DC19E48003ABEA5 /* Release */ = {
			isa = XCBuildConfiguration;
			buildSettings = {
				ALWAYS_SEARCH_USER_PATHS = NO;
				CLANG_ANALYZER_NONNULL = YES;
				CLANG_CXX_LANGUAGE_STANDARD = "gnu++0x";
				CLANG_CXX_LIBRARY = "libc++";
				CLANG_ENABLE_MODULES = YES;
				CLANG_ENABLE_OBJC_ARC = YES;
				CLANG_WARN_BOOL_CONVERSION = YES;
				CLANG_WARN_CONSTANT_CONVERSION = YES;
				CLANG_WARN_DIRECT_OBJC_ISA_USAGE = YES_ERROR;
				CLANG_WARN_DOCUMENTATION_COMMENTS = YES;
				CLANG_WARN_EMPTY_BODY = YES;
				CLANG_WARN_ENUM_CONVERSION = YES;
				CLANG_WARN_INFINITE_RECURSION = YES;
				CLANG_WARN_INT_CONVERSION = YES;
				CLANG_WARN_OBJC_ROOT_CLASS = YES_ERROR;
				CLANG_WARN_SUSPICIOUS_MOVES = YES;
				CLANG_WARN_UNREACHABLE_CODE = YES;
				CLANG_WARN__DUPLICATE_METHOD_MATCH = YES;
				CODE_SIGN_IDENTITY = "-";
				COPY_PHASE_STRIP = NO;
				DEBUG_INFORMATION_FORMAT = "dwarf-with-dsym";
				ENABLE_NS_ASSERTIONS = NO;
				ENABLE_STRICT_OBJC_MSGSEND = YES;
				GCC_C_LANGUAGE_STANDARD = gnu99;
				GCC_NO_COMMON_BLOCKS = YES;
				GCC_WARN_64_TO_32_BIT_CONVERSION = YES;
				GCC_WARN_ABOUT_RETURN_TYPE = YES_ERROR;
				GCC_WARN_UNDECLARED_SELECTOR = YES;
				GCC_WARN_UNINITIALIZED_AUTOS = YES_AGGRESSIVE;
				GCC_WARN_UNUSED_FUNCTION = YES;
				GCC_WARN_UNUSED_VARIABLE = YES;
				MACOSX_DEPLOYMENT_TARGET = 10.12;
				MTL_ENABLE_DEBUG_INFO = NO;
				SDKROOT = macosx;
			};
			name = Release;
		};
		D53238821DC19E48003ABEA5 /* Debug */ = {
			isa = XCBuildConfiguration;
			buildSettings = {
				PRODUCT_NAME = "$(TARGET_NAME)";
			};
			name = Debug;
		};
		D53238831DC19E48003ABEA5 /* Release */ = {
			isa = XCBuildConfiguration;
			buildSettings = {
				PRODUCT_NAME = "$(TARGET_NAME)";
			};
			name = Release;
		};
/* End XCBuildConfiguration section */

/* Begin XCConfigurationList section */
		D53238751DC19E48003ABEA5 /* Build configuration list for PBXProject "Assignment9B" */ = {
			isa = XCConfigurationList;
			buildConfigurations = (
				D532387F1DC19E48003ABEA5 /* Debug */,
				D53238801DC19E48003ABEA5 /* Release */,
			);
			defaultConfigurationIsVisible = 0;
			defaultConfigurationName = Release;
		};
		D53238811DC19E48003ABEA5 /* Build configuration list for PBXNativeTarget "Assignment9B" */ = {
			isa = XCConfigurationList;
			buildConfigurations = (
				D53238821DC19E48003ABEA5 /* Debug */,
				D53238831DC19E48003ABEA5 /* Release */,
			);
			defaultConfigurationIsVisible = 0;
			defaultConfigurationName = Release;
		};
/* End XCConfigurationList section */
	};
	rootObject = D53238721DC19E47003ABEA5 /* Project object */;
}
